{
  "name": "example-tiled-ts-plugin",
  "lockfileVersion": 3,
  "requires": true,
  "packages": {
    "": {
      "devDependencies": {
        "@mapeditor/tiled-api": "^1.12.0"
      }
    },
    "node_modules/@mapeditor/tiled-api": {
      "version": "1.12.0",
      "resolved": "https://registry.npmjs.org/@mapeditor/tiled-api/-/tiled-api-1.12.0.tgz",
      "integrity": "sha512-QvIrrm5AyGYgF9PqpqmcVfZMQ2Ly3Xp43jKiD09T2lGGehlYDGJkzIgjSV1JH5csPL4CYamS8lL59BVJMDqhVQ==",
      "dev": true,
      "funding": [
        {
          "type": "github",
          "url": "https://github.com/sponsors/bjorn"
        },
        {
          "type": "opencollective",
          "url": "https://opencollective.com/tiled"
        },
        {
          "type": "patreon",
          "url": "https://patreon.com/bjorn"
        }
      ],
      "license": "MIT"
    }
  }
}
